
Microsoft Visual Studio Solution File, Format Version 12.00
# Visual Studio Version 17
VisualStudioVersion = 17.11.35219.272
MinimumVisualStudioVersion = 10.0.40219.1
Project("{FAE04EC0-301F-11D3-BF4B-00C04F79EFBC}") = "TALLERVEHICULOS", "TALLERVEHICULOS\TALLERVEHICULOS.csproj", "{9517A8FE-7EEB-4639-BD1F-A79B781AACCE}"
EndProject
Global
	GlobalSection(SolutionConfigurationPlatforms) = preSolution
		Debug|Any CPU = Debug|Any CPU
		Release|Any CPU = Release|Any CPU
	EndGlobalSection
	GlobalSection(ProjectConfigurationPlatforms) = postSolution
		{9517A8FE-7EEB-4639-BD1F-A79B781AACCE}.Debug|Any CPU.ActiveCfg = Debug|Any CPU
		{9517A8FE-7EEB-4639-BD1F-A79B781AACCE}.Debug|Any CPU.Build.0 = Debug|Any CPU
		{9517A8FE-7EEB-4639-BD1F-A79B781AACCE}.Release|Any CPU.ActiveCfg = Release|Any CPU
		{9517A8FE-7EEB-4639-BD1F-A79B781AACCE}.Release|Any CPU.Build.0 = Release|Any CPU
	EndGlobalSection
	GlobalSection(SolutionProperties) = preSolution
		HideSolutionNode = FALSE
	EndGlobalSection
	GlobalSection(ExtensibilityGlobals) = postSolution
		SolutionGuid = {E17DC116-A201-415D-B764-CDAD88525320}
	EndGlobalSection
EndGlobal
